
Microsoft Visual Studio Solution File, Format Version 12.00
# Visual Studio Version 17
VisualStudioVersion = 17.14.36930.0 d17.14
MinimumVisualStudioVersion = 10.0.40219.1
Project("{2150E333-8FDC-42A3-9474-1A3956D46DE8}") = "src", "src", "{6C83A596-D32D-B35F-00DD-F0C99B673980}"
EndProject
Project("{FAE04EC0-301F-11D3-BF4B-00C04F79EFBC}") = "BlaisePascal.MusicLibrary.Domain", "src\BlaisePascal.MusicLibrary.Domain\BlaisePascal.MusicLibrary.Domain.csproj", "{EAC387AB-0021-4A39-83EA-1CF0C433B249}"
EndProject
Global
	GlobalSection(SolutionConfigurationPlatforms) = preSolution
		Debug|Any CPU = Debug|Any CPU
		Release|Any CPU = Release|Any CPU
	EndGlobalSection
	GlobalSection(ProjectConfigurationPlatforms) = postSolution
		{EAC387AB-0021-4A39-83EA-1CF0C433B249}.Debug|Any CPU.ActiveCfg = Debug|Any CPU
		{EAC387AB-0021-4A39-83EA-1CF0C433B249}.Debug|Any CPU.Build.0 = Debug|Any CPU
		{EAC387AB-0021-4A39-83EA-1CF0C433B249}.Release|Any CPU.ActiveCfg = Release|Any CPU
		{EAC387AB-0021-4A39-83EA-1CF0C433B249}.Release|Any CPU.Build.0 = Release|Any CPU
	EndGlobalSection
	GlobalSection(SolutionProperties) = preSolution
		HideSolutionNode = FALSE
	EndGlobalSection
	GlobalSection(NestedProjects) = preSolution
		{EAC387AB-0021-4A39-83EA-1CF0C433B249} = {6C83A596-D32D-B35F-00DD-F0C99B673980}
	EndGlobalSection
	GlobalSection(ExtensibilityGlobals) = postSolution
		SolutionGuid = {347289F0-FF94-44F0-9A4B-F9C2A43ECBEF}
	EndGlobalSection
EndGlobal
